
Microsoft Visual Studio Solution File, Format Version 12.00
# Visual Studio Version 16
VisualStudioVersion = 16.0.30114.105
MinimumVisualStudioVersion = 10.0.40219.1
Project("{FAE04EC0-301F-11D3-BF4B-00C04F79EFBC}") = "Space Invaders Game WPF MOO ICT", "Space Invaders Game WPF MOO ICT\Space Invaders Game WPF MOO ICT.csproj", "{2209D7F8-D7C5-4132-B99F-BE6131935B5F}"
EndProject
Global
	GlobalSection(SolutionConfigurationPlatforms) = preSolution
		Debug|Any CPU = Debug|Any CPU
		Release|Any CPU = Release|Any CPU
	EndGlobalSection
	GlobalSection(ProjectConfigurationPlatforms) = postSolution
		{2209D7F8-D7C5-4132-B99F-BE6131935B5F}.Debug|Any CPU.ActiveCfg = Debug|Any CPU
		{2209D7F8-D7C5-4132-B99F-BE6131935B5F}.Debug|Any CPU.Build.0 = Debug|Any CPU
		{2209D7F8-D7C5-4132-B99F-BE6131935B5F}.Release|Any CPU.ActiveCfg = Release|Any CPU
		{2209D7F8-D7C5-4132-B99F-BE6131935B5F}.Release|Any CPU.Build.0 = Release|Any CPU
	EndGlobalSection
	GlobalSection(SolutionProperties) = preSolution
		HideSolutionNode = FALSE
	EndGlobalSection
	GlobalSection(ExtensibilityGlobals) = postSolution
		SolutionGuid = {AB8FC1A0-BED5-4CC0-A21C-6078106722CF}
	EndGlobalSection
EndGlobal
